<?xml version="1.0" encoding="utf-8"?>
<Project ToolsVersion="4.0" xmlns="http://schemas.microsoft.com/developer/msbuild/2003">
  <ItemGroup>
    <Filter Include="Исходные файлы">
      <UniqueIdentifier>{4FC737F1-C7A5-4376-A066-2A32D752A2FF}</UniqueIdentifier>
      <Extensions>cpp;c;cc;cxx;c++;cppm;ixx;def;odl;idl;hpj;bat;asm;asmx</Extensions>
    </Filter>
    <Filter Include="Файлы заголовков">
      <UniqueIdentifier>{93995380-89BD-4b04-88EB-625FBE52EBFB}</UniqueIdentifier>
      <Extensions>h;hh;hpp;hxx;h++;hm;inl;inc;ipp;xsd</Extensions>
    </Filter>
    <Filter Include="Файлы ресурсов">
      <UniqueIdentifier>{67DA6AB6-F800-4c08-8B7A-83BB121AAD01}</UniqueIdentifier>
      <Extensions>rc;ico;cur;bmp;dlg;rc2;rct;bin;rgs;gif;jpg;jpeg;jpe;resx;tiff;tif;png;wav;mfcribbon-ms</Extensions>
    </Filter>
    <Filter Include="Файлы заголовков\World">
      <UniqueIdentifier>{00936457-8be4-497c-8599-ae065f75a9f2}</UniqueIdentifier>
    </Filter>
    <Filter Include="Файлы заголовков\World\Landscapes">
      <UniqueIdentifier>{845bfb5f-d148-4e84-a571-b1cdf01737c9}</UniqueIdentifier>
    </Filter>
    <Filter Include="Исходные файлы\World">
      <UniqueIdentifier>{48611196-19eb-4b9e-8ea1-46d3bebc87be}</UniqueIdentifier>
    </Filter>
    <Filter Include="Исходные файлы\World\Landscapes">
      <UniqueIdentifier>{445dbf6a-864b-4ef8-86b4-16c9aa83fef6}</UniqueIdentifier>
    </Filter>
    <Filter Include="Исходные файлы\Units">
      <UniqueIdentifier>{49f0513e-8e03-4238-9727-8843a94d444a}</UniqueIdentifier>
    </Filter>
    <Filter Include="Файлы заголовков\Units">
      <UniqueIdentifier>{ad6c5029-9f38-4447-97db-e54003a9408f}</UniqueIdentifier>
    </Filter>
    <Filter Include="Исходные файлы\Units\Melee">
      <UniqueIdentifier>{d44e1a59-22ed-44cf-847c-846e8700b811}</UniqueIdentifier>
    </Filter>
    <Filter Include="Исходные файлы\Units\Range">
      <UniqueIdentifier>{30efbbb0-4117-4e49-97fc-eb6d04e7bcb8}</UniqueIdentifier>
    </Filter>
    <Filter Include="Исходные файлы\Units\Types">
      <UniqueIdentifier>{3fc80082-3627-4c9c-9947-3a81967febd4}</UniqueIdentifier>
    </Filter>
    <Filter Include="Файлы заголовков\Units\Melee">
      <UniqueIdentifier>{f4229640-1371-4192-be14-59cb4323cc1e}</UniqueIdentifier>
    </Filter>
    <Filter Include="Файлы заголовков\Units\Range">
      <UniqueIdentifier>{34ca10fd-fc1a-4c54-bc97-3dbaa4ea8e12}</UniqueIdentifier>
    </Filter>
    <Filter Include="Файлы заголовков\Units\Types">
      <UniqueIdentifier>{07435a74-3c44-4e88-be6c-e81b84af6fd8}</UniqueIdentifier>
    </Filter>
  </ItemGroup>
  <ItemGroup>
    <ClCompile Include="Main.cpp">
      <Filter>Исходные файлы</Filter>
    </ClCompile>
    <ClCompile Include="Player.cpp">
      <Filter>Исходные файлы</Filter>
    </ClCompile>
    <ClCompile Include="Point.cpp">
      <Filter>Исходные файлы</Filter>
    </ClCompile>
    <ClCompile Include="Forest.cpp">
      <Filter>Исходные файлы\World\Landscapes</Filter>
    </ClCompile>
    <ClCompile Include="Landscape.cpp">
      <Filter>Исходные файлы\World\Landscapes</Filter>
    </ClCompile>
    <ClCompile Include="World.cpp">
      <Filter>Исходные файлы\World</Filter>
    </ClCompile>
    <ClCompile Include="Prototype.cpp">
      <Filter>Исходные файлы\World\Landscapes</Filter>
    </ClCompile>
    <ClCompile Include="Desert.cpp">
      <Filter>Исходные файлы\World\Landscapes</Filter>
    </ClCompile>
    <ClCompile Include="Tundra.cpp">
      <Filter>Исходные файлы\World\Landscapes</Filter>
    </ClCompile>
    <ClCompile Include="Unit.cpp">
      <Filter>Исходные файлы\Units</Filter>
    </ClCompile>
    <ClCompile Include="Swordsman.cpp">
      <Filter>Исходные файлы\Units\Melee</Filter>
    </ClCompile>
    <ClCompile Include="Fencer.cpp">
      <Filter>Исходные файлы\Units\Melee</Filter>
    </ClCompile>
    <ClCompile Include="Archer.cpp">
      <Filter>Исходные файлы\Units\Range</Filter>
    </ClCompile>
    <ClCompile Include="Spearman.cpp">
      <Filter>Исходные файлы\Units\Range</Filter>
    </ClCompile>
    <ClCompile Include="Melee.cpp">
      <Filter>Исходные файлы\Units\Types</Filter>
    </ClCompile>
    <ClCompile Include="Range.cpp">
      <Filter>Исходные файлы\Units\Types</Filter>
    </ClCompile>
    <ClCompile Include="Type_1.cpp">
      <Filter>Исходные файлы\Units\Types</Filter>
    </ClCompile>
    <ClCompile Include="Spawner.cpp">
      <Filter>Исходные файлы\Units</Filter>
    </ClCompile>
    <ClCompile Include="Type_2.cpp">
      <Filter>Исходные файлы\Units\Types</Filter>
    </ClCompile>
    <ClCompile Include="Base.cpp">
      <Filter>Исходные файлы\World</Filter>
    </ClCompile>
  </ItemGroup>
  <ItemGroup>
    <ClInclude Include="Player.h">
      <Filter>Файлы заголовков</Filter>
    </ClInclude>
    <ClInclude Include="Point.h">
      <Filter>Файлы заголовков</Filter>
    </ClInclude>
    <ClInclude Include="World.h">
      <Filter>Файлы заголовков\World</Filter>
    </ClInclude>
    <ClInclude Include="Prototype.h">
      <Filter>Файлы заголовков\World\Landscapes</Filter>
    </ClInclude>
    <ClInclude Include="Forest.h">
      <Filter>Файлы заголовков\World\Landscapes</Filter>
    </ClInclude>
    <ClInclude Include="Landscape.h">
      <Filter>Файлы заголовков\World\Landscapes</Filter>
    </ClInclude>
    <ClInclude Include="Desert.h">
      <Filter>Файлы заголовков\World\Landscapes</Filter>
    </ClInclude>
    <ClInclude Include="Tundra.h">
      <Filter>Файлы заголовков\World\Landscapes</Filter>
    </ClInclude>
    <ClInclude Include="Unit.h">
      <Filter>Файлы заголовков\Units</Filter>
    </ClInclude>
    <ClInclude Include="Swordsman.h">
      <Filter>Файлы заголовков\Units\Melee</Filter>
    </ClInclude>
    <ClInclude Include="Fencer.h">
      <Filter>Файлы заголовков\Units\Melee</Filter>
    </ClInclude>
    <ClInclude Include="Archer.h">
      <Filter>Файлы заголовков\Units\Range</Filter>
    </ClInclude>
    <ClInclude Include="Witch.h">
      <Filter>Файлы заголовков\Units\Range</Filter>
    </ClInclude>
    <ClInclude Include="Melee.h">
      <Filter>Файлы заголовков\Units\Types</Filter>
    </ClInclude>
    <ClInclude Include="Range.h">
      <Filter>Файлы заголовков\Units\Types</Filter>
    </ClInclude>
    <ClInclude Include="Type_1.h">
      <Filter>Файлы заголовков\Units\Types</Filter>
    </ClInclude>
    <ClInclude Include="Spawner.h">
      <Filter>Файлы заголовков\Units</Filter>
    </ClInclude>
    <ClInclude Include="Type_2.h">
      <Filter>Файлы заголовков\Units\Types</Filter>
    </ClInclude>
    <ClInclude Include="Base.h">
      <Filter>Файлы заголовков\World</Filter>
    </ClInclude>
  </ItemGroup>
</Project>